
Microsoft Visual Studio Solution File, Format Version 12.00
# Visual Studio Version 17
VisualStudioVersion = 17.4.33213.308
MinimumVisualStudioVersion = 10.0.40219.1
Project("{9A19103F-16F7-4668-BE54-9A1E7A4F7556}") = "Program to Display Hello, World!", "Program to Display Hello, World!\Program to Display Hello, World!.csproj", "{2134BEDF-1C70-46A3-90F5-DFECDDF312A5}"
EndProject
Project("{9A19103F-16F7-4668-BE54-9A1E7A4F7556}") = "Program to Print an Integer", "Program to Print an Integer\Program to Print an Integer.csproj", "{514EBEB0-E96B-42E4-8C97-0BDA52DCE37A}"
EndProject
Project("{9A19103F-16F7-4668-BE54-9A1E7A4F7556}") = "Program to Add Two Integers", "Program to Add Two Integers\Program to Add Two Integers.csproj", "{921BE120-21C1-42DC-BE00-2D4A727B2C86}"
EndProject
Project("{9A19103F-16F7-4668-BE54-9A1E7A4F7556}") = "Program to Multiply Two Numbers", "Program to Multiply Two Numbers\Program to Multiply Two Numbers.csproj", "{8D1BE79E-3E74-4885-9EFE-4DB1E2511F33}"
EndProject
Project("{9A19103F-16F7-4668-BE54-9A1E7A4F7556}") = "Program to Print ASCII Value", "Program to Print ASCII Value\Program to Print ASCII Value.csproj", "{4CE405A0-38EA-4293-B744-89065CD1D46C}"
EndProject
Project("{9A19103F-16F7-4668-BE54-9A1E7A4F7556}") = "Program to Compute Quotient and Remainder", "Program to Compute Quotient and Remainder\Program to Compute Quotient and Remainder.csproj", "{6414F443-D25A-4F6E-9398-844A1B277C16}"
EndProject
Project("{9A19103F-16F7-4668-BE54-9A1E7A4F7556}") = "Program to Find the Size and Range of Data Types", "Program to Find the Size and Range of Data Types\Program to Find the Size and Range of Data Types.csproj", "{AB048C44-E283-4BCC-BC4E-E86AF5D6E485}"
EndProject
Project("{9A19103F-16F7-4668-BE54-9A1E7A4F7556}") = "Swap Numbers Using Temporary Variable", "Swap Numbers Using Temporary Variable\Swap Numbers Using Temporary Variable.csproj", "{0C807C56-DC90-4FB2-9862-EBF788805240}"
EndProject
Project("{9A19103F-16F7-4668-BE54-9A1E7A4F7556}") = "Swap Numbers Without Using Temporary Variables", "Swap Numbers Without Using Temporary Variables\Swap Numbers Without Using Temporary Variables.csproj", "{EEE2114B-8290-4D5D-ABCC-9A02806FAAB1}"
EndProject
Project("{9A19103F-16F7-4668-BE54-9A1E7A4F7556}") = "Program to Find GCD and LCM of two Numbers", "Program to Find GCD and LCM of two Numbers\Program to Find GCD and LCM of two Numbers.csproj", "{4157F893-EC94-45A8-BAB5-5B61942789B4}"
EndProject
Project("{FAE04EC0-301F-11D3-BF4B-00C04F79EFBC}") = "Program to Check Odd or Even", "Program to Check Odd or Even Using the Ternary Operator\Program to Check Odd or Even.csproj", "{00A71DE1-30B0-40E4-9D1F-12E03AF72D24}"
EndProject
Project("{FAE04EC0-301F-11D3-BF4B-00C04F79EFBC}") = "Program to Check Vowel or consonant", "Program to Check Vowel or consonant\Program to Check Vowel or consonant.csproj", "{8832B56D-B475-4AC7-9838-E1906C8C2C19}"
EndProject
Project("{FAE04EC0-301F-11D3-BF4B-00C04F79EFBC}") = "Program to Find the Largest Number Among Three Numbers", "Program to Find the Largest Number Among Three Numbers\Program to Find the Largest Number Among Three Numbers.csproj", "{DB0B793C-D7B9-4EC3-86E9-86698F6DD250}"
EndProject
Project("{FAE04EC0-301F-11D3-BF4B-00C04F79EFBC}") = "Program to Find Roots of a Quadratic Equation", "Program to Find Roots of a Quadratic Equation\Program to Find Roots of a Quadratic Equation.csproj", "{6BCAC9AD-BFC9-4C63-9FF2-F8D2FB9158DB}"
EndProject
Project("{FAE04EC0-301F-11D3-BF4B-00C04F79EFBC}") = "Program to Check Leap Year", "Program to Check Leap Year\Program to Check Leap Year.csproj", "{73B9CB5C-ADCC-4DE0-BBDF-E68D4BAD85C3}"
EndProject
Project("{FAE04EC0-301F-11D3-BF4B-00C04F79EFBC}") = "Program to Check Whether a Number is Positive or Negative", "Program to Check Whether a Number is Positive or Negative\Program to Check Whether a Number is Positive or Negative.csproj", "{8C8CFF9E-5DE8-49B1-85E7-8173773D4F81}"
EndProject
Project("{FAE04EC0-301F-11D3-BF4B-00C04F79EFBC}") = "Sum of Natural Numbers Using for Loop", "Sum of Natural Numbers Using for Loop\Sum of Natural Numbers Using for Loop.csproj", "{06D60B57-98CB-45EC-A100-2D2D71FBC02F}"
EndProject
Project("{FAE04EC0-301F-11D3-BF4B-00C04F79EFBC}") = "Sum of Natural Numbers Using while Loop", "Sum of Natural Numbers Using while Loop\Sum of Natural Numbers Using while Loop.csproj", "{80DEF67B-BA33-4657-8163-5E760EEB9954}"
EndProject
Project("{FAE04EC0-301F-11D3-BF4B-00C04F79EFBC}") = "Factorial of a Number", "Factorial of a Number\Factorial of a Number.csproj", "{A136EB5E-A52A-4241-8A56-615AC8A564D0}"
EndProject
Project("{FAE04EC0-301F-11D3-BF4B-00C04F79EFBC}") = "Multiplication Table", "Multiplication Table Up to N\Multiplication Table.csproj", "{F6E2C513-682C-4CD9-99E1-B30A9D7ED979}"
Project("{9A19103F-16F7-4668-BE54-9A1E7A4F7556}") = "Program to Check Odd or Even", "Program to Check Odd or Even Using the Ternary Operator\Program to Check Odd or Even.csproj", "{00A71DE1-30B0-40E4-9D1F-12E03AF72D24}"
EndProject
Project("{9A19103F-16F7-4668-BE54-9A1E7A4F7556}") = "Program to Check Vowel or consonant", "Program to Check Vowel or consonant\Program to Check Vowel or consonant.csproj", "{8832B56D-B475-4AC7-9838-E1906C8C2C19}"
EndProject
Project("{9A19103F-16F7-4668-BE54-9A1E7A4F7556}") = "Program to Find the Largest Number Among Three Numbers", "Program to Find the Largest Number Among Three Numbers\Program to Find the Largest Number Among Three Numbers.csproj", "{DB0B793C-D7B9-4EC3-86E9-86698F6DD250}"
EndProject
Project("{9A19103F-16F7-4668-BE54-9A1E7A4F7556}") = "Program to Find Roots of a Quadratic Equation", "Program to Find Roots of a Quadratic Equation\Program to Find Roots of a Quadratic Equation.csproj", "{6BCAC9AD-BFC9-4C63-9FF2-F8D2FB9158DB}"
EndProject
Project("{9A19103F-16F7-4668-BE54-9A1E7A4F7556}") = "Program to Check Leap Year", "Program to Check Leap Year\Program to Check Leap Year.csproj", "{73B9CB5C-ADCC-4DE0-BBDF-E68D4BAD85C3}"
EndProject
Project("{9A19103F-16F7-4668-BE54-9A1E7A4F7556}") = "Program to Check Whether a Number is Positive or Negative", "Program to Check Whether a Number is Positive or Negative\Program to Check Whether a Number is Positive or Negative.csproj", "{8C8CFF9E-5DE8-49B1-85E7-8173773D4F81}"
EndProject
Project("{9A19103F-16F7-4668-BE54-9A1E7A4F7556}") = "Sum of Natural Numbers Using for Loop", "Sum of Natural Numbers Using for Loop\Sum of Natural Numbers Using for Loop.csproj", "{06D60B57-98CB-45EC-A100-2D2D71FBC02F}"
EndProject
Project("{9A19103F-16F7-4668-BE54-9A1E7A4F7556}") = "Sum of Natural Numbers Using while Loop", "Sum of Natural Numbers Using while Loop\Sum of Natural Numbers Using while Loop.csproj", "{80DEF67B-BA33-4657-8163-5E760EEB9954}"
EndProject
Project("{9A19103F-16F7-4668-BE54-9A1E7A4F7556}") = "Factorial of a Number", "Factorial of a Number\Factorial of a Number.csproj", "{A136EB5E-A52A-4241-8A56-615AC8A564D0}"
EndProject
Project("{9A19103F-16F7-4668-BE54-9A1E7A4F7556}") = "Multiplication Table", "Multiplication Table Up to N\Multiplication Table.csproj", "{F6E2C513-682C-4CD9-99E1-B30A9D7ED979}"
EndProject
Project("{FAE04EC0-301F-11D3-BF4B-00C04F79EFBC}") = "Store Numbers and Calculate Average Using Arrays", "Store Numbers and Calculate Average Using Arrays\Store Numbers and Calculate Average Using Arrays.csproj", "{2A6C633B-6B83-4E66-B1FC-531A1B97C3D9}"
EndProject
Project("{FAE04EC0-301F-11D3-BF4B-00C04F79EFBC}") = "Largest Element in an array", "Largest Element in an array\Largest Element in an array.csproj", "{BFAEAE10-BB59-494E-8390-862C4C15641A}"
EndProject
Project("{FAE04EC0-301F-11D3-BF4B-00C04F79EFBC}") = "Smallest Element in an array", "Smallest Element in an array\Smallest Element in an array.csproj", "{B102D6BF-96AB-4BBA-B511-D9815517F7A8}"
EndProject
Project("{FAE04EC0-301F-11D3-BF4B-00C04F79EFBC}") = "Population Standard Deviation", "Population Standard Deviation\Population Standard Deviation.csproj", "{FFD17977-C073-47A5-99E0-FDED965CCC89}"
EndProject
Project("{FAE04EC0-301F-11D3-BF4B-00C04F79EFBC}") = "Check Armstrong Number", "Check Armstrong Number\Check Armstrong Number.csproj", "{51CA78A2-42EF-4D84-AB64-557E1127F498}"
EndProject
Global
	GlobalSection(SolutionConfigurationPlatforms) = preSolution
		Debug|Any CPU = Debug|Any CPU
		Release|Any CPU = Release|Any CPU
	EndGlobalSection
	GlobalSection(ProjectConfigurationPlatforms) = postSolution
		{2134BEDF-1C70-46A3-90F5-DFECDDF312A5}.Debug|Any CPU.ActiveCfg = Debug|Any CPU
		{2134BEDF-1C70-46A3-90F5-DFECDDF312A5}.Debug|Any CPU.Build.0 = Debug|Any CPU
		{2134BEDF-1C70-46A3-90F5-DFECDDF312A5}.Release|Any CPU.ActiveCfg = Release|Any CPU
		{2134BEDF-1C70-46A3-90F5-DFECDDF312A5}.Release|Any CPU.Build.0 = Release|Any CPU
		{514EBEB0-E96B-42E4-8C97-0BDA52DCE37A}.Debug|Any CPU.ActiveCfg = Debug|Any CPU
		{514EBEB0-E96B-42E4-8C97-0BDA52DCE37A}.Debug|Any CPU.Build.0 = Debug|Any CPU
		{514EBEB0-E96B-42E4-8C97-0BDA52DCE37A}.Release|Any CPU.ActiveCfg = Release|Any CPU
		{514EBEB0-E96B-42E4-8C97-0BDA52DCE37A}.Release|Any CPU.Build.0 = Release|Any CPU
		{921BE120-21C1-42DC-BE00-2D4A727B2C86}.Debug|Any CPU.ActiveCfg = Debug|Any CPU
		{921BE120-21C1-42DC-BE00-2D4A727B2C86}.Debug|Any CPU.Build.0 = Debug|Any CPU
		{921BE120-21C1-42DC-BE00-2D4A727B2C86}.Release|Any CPU.ActiveCfg = Release|Any CPU
		{921BE120-21C1-42DC-BE00-2D4A727B2C86}.Release|Any CPU.Build.0 = Release|Any CPU
		{8D1BE79E-3E74-4885-9EFE-4DB1E2511F33}.Debug|Any CPU.ActiveCfg = Debug|Any CPU
		{8D1BE79E-3E74-4885-9EFE-4DB1E2511F33}.Debug|Any CPU.Build.0 = Debug|Any CPU
		{8D1BE79E-3E74-4885-9EFE-4DB1E2511F33}.Release|Any CPU.ActiveCfg = Release|Any CPU
		{8D1BE79E-3E74-4885-9EFE-4DB1E2511F33}.Release|Any CPU.Build.0 = Release|Any CPU
		{4CE405A0-38EA-4293-B744-89065CD1D46C}.Debug|Any CPU.ActiveCfg = Debug|Any CPU
		{4CE405A0-38EA-4293-B744-89065CD1D46C}.Debug|Any CPU.Build.0 = Debug|Any CPU
		{4CE405A0-38EA-4293-B744-89065CD1D46C}.Release|Any CPU.ActiveCfg = Release|Any CPU
		{4CE405A0-38EA-4293-B744-89065CD1D46C}.Release|Any CPU.Build.0 = Release|Any CPU
		{6414F443-D25A-4F6E-9398-844A1B277C16}.Debug|Any CPU.ActiveCfg = Debug|Any CPU
		{6414F443-D25A-4F6E-9398-844A1B277C16}.Debug|Any CPU.Build.0 = Debug|Any CPU
		{6414F443-D25A-4F6E-9398-844A1B277C16}.Release|Any CPU.ActiveCfg = Release|Any CPU
		{6414F443-D25A-4F6E-9398-844A1B277C16}.Release|Any CPU.Build.0 = Release|Any CPU
		{AB048C44-E283-4BCC-BC4E-E86AF5D6E485}.Debug|Any CPU.ActiveCfg = Debug|Any CPU
		{AB048C44-E283-4BCC-BC4E-E86AF5D6E485}.Debug|Any CPU.Build.0 = Debug|Any CPU
		{AB048C44-E283-4BCC-BC4E-E86AF5D6E485}.Release|Any CPU.ActiveCfg = Release|Any CPU
		{AB048C44-E283-4BCC-BC4E-E86AF5D6E485}.Release|Any CPU.Build.0 = Release|Any CPU
		{0C807C56-DC90-4FB2-9862-EBF788805240}.Debug|Any CPU.ActiveCfg = Debug|Any CPU
		{0C807C56-DC90-4FB2-9862-EBF788805240}.Debug|Any CPU.Build.0 = Debug|Any CPU
		{0C807C56-DC90-4FB2-9862-EBF788805240}.Release|Any CPU.ActiveCfg = Release|Any CPU
		{0C807C56-DC90-4FB2-9862-EBF788805240}.Release|Any CPU.Build.0 = Release|Any CPU
		{EEE2114B-8290-4D5D-ABCC-9A02806FAAB1}.Debug|Any CPU.ActiveCfg = Debug|Any CPU
		{EEE2114B-8290-4D5D-ABCC-9A02806FAAB1}.Debug|Any CPU.Build.0 = Debug|Any CPU
		{EEE2114B-8290-4D5D-ABCC-9A02806FAAB1}.Release|Any CPU.ActiveCfg = Release|Any CPU
		{EEE2114B-8290-4D5D-ABCC-9A02806FAAB1}.Release|Any CPU.Build.0 = Release|Any CPU
		{4157F893-EC94-45A8-BAB5-5B61942789B4}.Debug|Any CPU.ActiveCfg = Debug|Any CPU
		{4157F893-EC94-45A8-BAB5-5B61942789B4}.Debug|Any CPU.Build.0 = Debug|Any CPU
		{4157F893-EC94-45A8-BAB5-5B61942789B4}.Release|Any CPU.ActiveCfg = Release|Any CPU
		{4157F893-EC94-45A8-BAB5-5B61942789B4}.Release|Any CPU.Build.0 = Release|Any CPU
		{00A71DE1-30B0-40E4-9D1F-12E03AF72D24}.Debug|Any CPU.ActiveCfg = Debug|Any CPU
		{00A71DE1-30B0-40E4-9D1F-12E03AF72D24}.Debug|Any CPU.Build.0 = Debug|Any CPU
		{00A71DE1-30B0-40E4-9D1F-12E03AF72D24}.Release|Any CPU.ActiveCfg = Release|Any CPU
		{00A71DE1-30B0-40E4-9D1F-12E03AF72D24}.Release|Any CPU.Build.0 = Release|Any CPU
		{8832B56D-B475-4AC7-9838-E1906C8C2C19}.Debug|Any CPU.ActiveCfg = Debug|Any CPU
		{8832B56D-B475-4AC7-9838-E1906C8C2C19}.Debug|Any CPU.Build.0 = Debug|Any CPU
		{8832B56D-B475-4AC7-9838-E1906C8C2C19}.Release|Any CPU.ActiveCfg = Release|Any CPU
		{8832B56D-B475-4AC7-9838-E1906C8C2C19}.Release|Any CPU.Build.0 = Release|Any CPU
		{DB0B793C-D7B9-4EC3-86E9-86698F6DD250}.Debug|Any CPU.ActiveCfg = Debug|Any CPU
		{DB0B793C-D7B9-4EC3-86E9-86698F6DD250}.Debug|Any CPU.Build.0 = Debug|Any CPU
		{DB0B793C-D7B9-4EC3-86E9-86698F6DD250}.Release|Any CPU.ActiveCfg = Release|Any CPU
		{DB0B793C-D7B9-4EC3-86E9-86698F6DD250}.Release|Any CPU.Build.0 = Release|Any CPU
		{6BCAC9AD-BFC9-4C63-9FF2-F8D2FB9158DB}.Debug|Any CPU.ActiveCfg = Debug|Any CPU
		{6BCAC9AD-BFC9-4C63-9FF2-F8D2FB9158DB}.Debug|Any CPU.Build.0 = Debug|Any CPU
		{6BCAC9AD-BFC9-4C63-9FF2-F8D2FB9158DB}.Release|Any CPU.ActiveCfg = Release|Any CPU
		{6BCAC9AD-BFC9-4C63-9FF2-F8D2FB9158DB}.Release|Any CPU.Build.0 = Release|Any CPU
		{73B9CB5C-ADCC-4DE0-BBDF-E68D4BAD85C3}.Debug|Any CPU.ActiveCfg = Debug|Any CPU
		{73B9CB5C-ADCC-4DE0-BBDF-E68D4BAD85C3}.Debug|Any CPU.Build.0 = Debug|Any CPU
		{73B9CB5C-ADCC-4DE0-BBDF-E68D4BAD85C3}.Release|Any CPU.ActiveCfg = Release|Any CPU
		{73B9CB5C-ADCC-4DE0-BBDF-E68D4BAD85C3}.Release|Any CPU.Build.0 = Release|Any CPU
		{8C8CFF9E-5DE8-49B1-85E7-8173773D4F81}.Debug|Any CPU.ActiveCfg = Debug|Any CPU
		{8C8CFF9E-5DE8-49B1-85E7-8173773D4F81}.Debug|Any CPU.Build.0 = Debug|Any CPU
		{8C8CFF9E-5DE8-49B1-85E7-8173773D4F81}.Release|Any CPU.ActiveCfg = Release|Any CPU
		{8C8CFF9E-5DE8-49B1-85E7-8173773D4F81}.Release|Any CPU.Build.0 = Release|Any CPU
		{06D60B57-98CB-45EC-A100-2D2D71FBC02F}.Debug|Any CPU.ActiveCfg = Debug|Any CPU
		{06D60B57-98CB-45EC-A100-2D2D71FBC02F}.Debug|Any CPU.Build.0 = Debug|Any CPU
		{06D60B57-98CB-45EC-A100-2D2D71FBC02F}.Release|Any CPU.ActiveCfg = Release|Any CPU
		{06D60B57-98CB-45EC-A100-2D2D71FBC02F}.Release|Any CPU.Build.0 = Release|Any CPU
		{80DEF67B-BA33-4657-8163-5E760EEB9954}.Debug|Any CPU.ActiveCfg = Debug|Any CPU
		{80DEF67B-BA33-4657-8163-5E760EEB9954}.Debug|Any CPU.Build.0 = Debug|Any CPU
		{80DEF67B-BA33-4657-8163-5E760EEB9954}.Release|Any CPU.ActiveCfg = Release|Any CPU
		{80DEF67B-BA33-4657-8163-5E760EEB9954}.Release|Any CPU.Build.0 = Release|Any CPU
		{A136EB5E-A52A-4241-8A56-615AC8A564D0}.Debug|Any CPU.ActiveCfg = Debug|Any CPU
		{A136EB5E-A52A-4241-8A56-615AC8A564D0}.Debug|Any CPU.Build.0 = Debug|Any CPU
		{A136EB5E-A52A-4241-8A56-615AC8A564D0}.Release|Any CPU.ActiveCfg = Release|Any CPU
		{A136EB5E-A52A-4241-8A56-615AC8A564D0}.Release|Any CPU.Build.0 = Release|Any CPU
		{F6E2C513-682C-4CD9-99E1-B30A9D7ED979}.Debug|Any CPU.ActiveCfg = Debug|Any CPU
		{F6E2C513-682C-4CD9-99E1-B30A9D7ED979}.Debug|Any CPU.Build.0 = Debug|Any CPU
		{F6E2C513-682C-4CD9-99E1-B30A9D7ED979}.Release|Any CPU.ActiveCfg = Release|Any CPU
		{F6E2C513-682C-4CD9-99E1-B30A9D7ED979}.Release|Any CPU.Build.0 = Release|Any CPU
		{2A6C633B-6B83-4E66-B1FC-531A1B97C3D9}.Debug|Any CPU.ActiveCfg = Debug|Any CPU
		{2A6C633B-6B83-4E66-B1FC-531A1B97C3D9}.Debug|Any CPU.Build.0 = Debug|Any CPU
		{2A6C633B-6B83-4E66-B1FC-531A1B97C3D9}.Release|Any CPU.ActiveCfg = Release|Any CPU
		{2A6C633B-6B83-4E66-B1FC-531A1B97C3D9}.Release|Any CPU.Build.0 = Release|Any CPU
		{BFAEAE10-BB59-494E-8390-862C4C15641A}.Debug|Any CPU.ActiveCfg = Debug|Any CPU
		{BFAEAE10-BB59-494E-8390-862C4C15641A}.Debug|Any CPU.Build.0 = Debug|Any CPU
		{BFAEAE10-BB59-494E-8390-862C4C15641A}.Release|Any CPU.ActiveCfg = Release|Any CPU
		{BFAEAE10-BB59-494E-8390-862C4C15641A}.Release|Any CPU.Build.0 = Release|Any CPU
		{B102D6BF-96AB-4BBA-B511-D9815517F7A8}.Debug|Any CPU.ActiveCfg = Debug|Any CPU
		{B102D6BF-96AB-4BBA-B511-D9815517F7A8}.Debug|Any CPU.Build.0 = Debug|Any CPU
		{B102D6BF-96AB-4BBA-B511-D9815517F7A8}.Release|Any CPU.ActiveCfg = Release|Any CPU
		{B102D6BF-96AB-4BBA-B511-D9815517F7A8}.Release|Any CPU.Build.0 = Release|Any CPU
		{FFD17977-C073-47A5-99E0-FDED965CCC89}.Debug|Any CPU.ActiveCfg = Debug|Any CPU
		{FFD17977-C073-47A5-99E0-FDED965CCC89}.Debug|Any CPU.Build.0 = Debug|Any CPU
		{FFD17977-C073-47A5-99E0-FDED965CCC89}.Release|Any CPU.ActiveCfg = Release|Any CPU
		{FFD17977-C073-47A5-99E0-FDED965CCC89}.Release|Any CPU.Build.0 = Release|Any CPU
		{51CA78A2-42EF-4D84-AB64-557E1127F498}.Debug|Any CPU.ActiveCfg = Debug|Any CPU
		{51CA78A2-42EF-4D84-AB64-557E1127F498}.Debug|Any CPU.Build.0 = Debug|Any CPU
		{51CA78A2-42EF-4D84-AB64-557E1127F498}.Release|Any CPU.ActiveCfg = Release|Any CPU
		{51CA78A2-42EF-4D84-AB64-557E1127F498}.Release|Any CPU.Build.0 = Release|Any CPU
	EndGlobalSection
	GlobalSection(SolutionProperties) = preSolution
		HideSolutionNode = FALSE
	EndGlobalSection
	GlobalSection(ExtensibilityGlobals) = postSolution
		SolutionGuid = {01B7AC3A-62A2-4E0B-99E6-912B1F5118EC}
	EndGlobalSection
EndGlobal
